{
  "name": "springtype-test",
  "version": "1.0.0",
  "lockfileVersion": 1,
  "requires": true,
  "dependencies": {
    "springtype": {
      "version": "3.0.0",
      "resolved": "https://registry.npmjs.org/springtype/-/springtype-3.0.0.tgz",
      "integrity": "sha512-3ouGw4ffdEHRRHm+Hr+Agm79Dkd5vaF53uzUQSZOWnKuGfiN+4AkMRAgpo7QjDTTztYvryHDoilMjCkxMY583g=="
    }
  }
}
